// !$*UTF8*$!
{
	archiveVersion = 1;
	classes = {
	};
	objectVersion = 50;
	objects = {

/* Begin PBXBuildFile section */
		D8BD179F25A97E7700EDC639 /* AppDelegate.swift in Sources */ = {isa = PBXBuildFile; fileRef = D8BD179E25A97E7700EDC639 /* AppDelegate.swift */; };
		D8BD17A125A97E7700EDC639 /* art.scnassets in Resources */ = {isa = PBXBuildFile; fileRef = D8BD17A025A97E7700EDC639 /* art.scnassets */; };
		D8BD17A325A97E7700EDC639 /* GameViewController.swift in Sources */ = {isa = PBXBuildFile; fileRef = D8BD17A225A97E7700EDC639 /* GameViewController.swift */; };
		D8BD17A625A97E7700EDC639 /* Main.storyboard in Resources */ = {isa = PBXBuildFile; fileRef = D8BD17A425A97E7700EDC639 /* Main.storyboard */; };
		D8BD17A825A97E7900EDC639 /* Assets.xcassets in Resources */ = {isa = PBXBuildFile; fileRef = D8BD17A725A97E7900EDC639 /* Assets.xcassets */; };
		D8BD17AB25A97E7900EDC639 /* LaunchScreen.storyboard in Resources */ = {isa = PBXBuildFile; fileRef = D8BD17A925A97E7900EDC639 /* LaunchScreen.storyboard */; };
		D8BD17B725A97FAE00EDC639 /* AstronomicalObject.swift in Sources */ = {isa = PBXBuildFile; fileRef = D8BD17B625A97FAE00EDC639 /* AstronomicalObject.swift */; };
		D8BD17B925A9802000EDC639 /* Star.swift in Sources */ = {isa = PBXBuildFile; fileRef = D8BD17B825A9802000EDC639 /* Star.swift */; };
/* End PBXBuildFile section */

/* Begin PBXFileReference section */
		D8BD179B25A97E7700EDC639 /* procedural.app */ = {isa = PBXFileReference; explicitFileType = wrapper.application; includeInIndex = 0; path = procedural.app; sourceTree = BUILT_PRODUCTS_DIR; };
		D8BD179E25A97E7700EDC639 /* AppDelegate.swift */ = {isa = PBXFileReference; lastKnownFileType = sourcecode.swift; path = AppDelegate.swift; sourceTree = "<group>"; };
		D8BD17A025A97E7700EDC639 /* art.scnassets */ = {isa = PBXFileReference; lastKnownFileType = wrapper.scnassets; path = art.scnassets; sourceTree = "<group>"; };
		D8BD17A225A97E7700EDC639 /* GameViewController.swift */ = {isa = PBXFileReference; lastKnownFileType = sourcecode.swift; path = GameViewController.swift; sourceTree = "<group>"; };
		D8BD17A525A97E7700EDC639 /* Base */ = {isa = PBXFileReference; lastKnownFileType = file.storyboard; name = Base; path = Base.lproj/Main.storyboard; sourceTree = "<group>"; };
		D8BD17A725A97E7900EDC639 /* Assets.xcassets */ = {isa = PBXFileReference; lastKnownFileType = folder.assetcatalog; path = Assets.xcassets; sourceTree = "<group>"; };
		D8BD17AA25A97E7900EDC639 /* Base */ = {isa = PBXFileReference; lastKnownFileType = file.storyboard; name = Base; path = Base.lproj/LaunchScreen.storyboard; sourceTree = "<group>"; };
		D8BD17AC25A97E7900EDC639 /* Info.plist */ = {isa = PBXFileReference; lastKnownFileType = text.plist.xml; path = Info.plist; sourceTree = "<group>"; };
		D8BD17B625A97FAE00EDC639 /* AstronomicalObject.swift */ = {isa = PBXFileReference; fileEncoding = 4; lastKnownFileType = sourcecode.swift; path = AstronomicalObject.swift; sourceTree = "<group>"; };
		D8BD17B825A9802000EDC639 /* Star.swift */ = {isa = PBXFileReference; lastKnownFileType = sourcecode.swift; path = Star.swift; sourceTree = "<group>"; };
/* End PBXFileReference section */

/* Begin PBXFrameworksBuildPhase section */
		D8BD179825A97E7700EDC639 /* Frameworks */ = {
			isa = PBXFrameworksBuildPhase;
			buildActionMask = 2147483647;
			files = (
			);
			runOnlyForDeploymentPostprocessing = 0;
		};
/* End PBXFrameworksBuildPhase section */

/* Begin PBXGroup section */
		D8BD179225A97E7700EDC639 = {
			isa = PBXGroup;
			children = (
				D8BD179D25A97E7700EDC639 /* procedural */,
				D8BD179C25A97E7700EDC639 /* Products */,
			);
			sourceTree = "<group>";
		};
		D8BD179C25A97E7700EDC639 /* Products */ = {
			isa = PBXGroup;
			children = (
				D8BD179B25A97E7700EDC639 /* procedural.app */,
			);
			name = Products;
			sourceTree = "<group>";
		};
		D8BD179D25A97E7700EDC639 /* procedural */ = {
			isa = PBXGroup;
			children = (
				D8BD179E25A97E7700EDC639 /* AppDelegate.swift */,
				D8BD17A025A97E7700EDC639 /* art.scnassets */,
				D8BD17A225A97E7700EDC639 /* GameViewController.swift */,
				D8BD17B625A97FAE00EDC639 /* AstronomicalObject.swift */,
				D8BD17B825A9802000EDC639 /* Star.swift */,
				D8BD17A425A97E7700EDC639 /* Main.storyboard */,
				D8BD17A725A97E7900EDC639 /* Assets.xcassets */,
				D8BD17A925A97E7900EDC639 /* LaunchScreen.storyboard */,
				D8BD17AC25A97E7900EDC639 /* Info.plist */,
			);
			path = procedural;
			sourceTree = "<group>";
		};
/* End PBXGroup section */

/* Begin PBXNativeTarget section */
		D8BD179A25A97E7700EDC639 /* procedural */ = {
			isa = PBXNativeTarget;
			buildConfigurationList = D8BD17AF25A97E7900EDC639 /* Build configuration list for PBXNativeTarget "procedural" */;
			buildPhases = (
				D8BD179725A97E7700EDC639 /* Sources */,
				D8BD179825A97E7700EDC639 /* Frameworks */,
				D8BD179925A97E7700EDC639 /* Resources */,
			);
			buildRules = (
			);
			dependencies = (
			);
			name = procedural;
			productName = procedural;
			productReference = D8BD179B25A97E7700EDC639 /* procedural.app */;
			productType = "com.apple.product-type.application";
		};
/* End PBXNativeTarget section */

/* Begin PBXProject section */
		D8BD179325A97E7700EDC639 /* Project object */ = {
			isa = PBXProject;
			attributes = {
				LastSwiftUpdateCheck = 1130;
				LastUpgradeCheck = 1130;
				ORGANIZATIONNAME = "Sugar Glider/";
				TargetAttributes = {
					D8BD179A25A97E7700EDC639 = {
						CreatedOnToolsVersion = 11.3.1;
					};
				};
			};
			buildConfigurationList = D8BD179625A97E7700EDC639 /* Build configuration list for PBXProject "procedural" */;
			compatibilityVersion = "Xcode 9.3";
			developmentRegion = en;
			hasScannedForEncodings = 0;
			knownRegions = (
				en,
				Base,
			);
			mainGroup = D8BD179225A97E7700EDC639;
			productRefGroup = D8BD179C25A97E7700EDC639 /* Products */;
			projectDirPath = "";
			projectRoot = "";
			targets = (
				D8BD179A25A97E7700EDC639 /* procedural */,
			);
		};
/* End PBXProject section */

/* Begin PBXResourcesBuildPhase section */
		D8BD179925A97E7700EDC639 /* Resources */ = {
			isa = PBXResourcesBuildPhase;
			buildActionMask = 2147483647;
			files = (
				D8BD17A125A97E7700EDC639 /* art.scnassets in Resources */,
				D8BD17AB25A97E7900EDC639 /* LaunchScreen.storyboard in Resources */,
				D8BD17A825A97E7900EDC639 /* Assets.xcassets in Resources */,
				D8BD17A625A97E7700EDC639 /* Main.storyboard in Resources */,
			);
			runOnlyForDeploymentPostprocessing = 0;
		};
/* End PBXResourcesBuildPhase section */

/* Begin PBXSourcesBuildPhase section */
		D8BD179725A97E7700EDC639 /* Sources */ = {
			isa = PBXSourcesBuildPhase;
			buildActionMask = 2147483647;
			files = (
				D8BD17B725A97FAE00EDC639 /* AstronomicalObject.swift in Sources */,
				D8BD17A325A97E7700EDC639 /* GameViewController.swift in Sources */,
				D8BD179F25A97E7700EDC639 /* AppDelegate.swift in Sources */,
				D8BD17B925A9802000EDC639 /* Star.swift in Sources */,
			);
			runOnlyForDeploymentPostprocessing = 0;
		};
/* End PBXSourcesBuildPhase section */

/* Begin PBXVariantGroup section */
		D8BD17A425A97E7700EDC639 /* Main.storyboard */ = {
			isa = PBXVariantGroup;
			children = (
				D8BD17A525A97E7700EDC639 /* Base */,
			);
			name = Main.storyboard;
			sourceTree = "<group>";
		};
		D8BD17A925A97E7900EDC639 /* LaunchScreen.storyboard */ = {
			isa = PBXVariantGroup;
			children = (
				D8BD17AA25A97E7900EDC639 /* Base */,
			);
			name = LaunchScreen.storyboard;
			sourceTree = "<group>";
		};
/* End PBXVariantGroup section */

/* Begin XCBuildConfiguration section */
		D8BD17AD25A97E7900EDC639 /* Debug */ = {
			isa = XCBuildConfiguration;
			buildSettings = {
				ALWAYS_SEARCH_USER_PATHS = NO;
				CLANG_ANALYZER_NONNULL = YES;
				CLANG_ANALYZER_NUMBER_OBJECT_CONVERSION = YES_AGGRESSIVE;
				CLANG_CXX_LANGUAGE_STANDARD = "gnu++14";
				CLANG_CXX_LIBRARY = "libc++";
				CLANG_ENABLE_MODULES = YES;
				CLANG_ENABLE_OBJC_ARC = YES;
				CLANG_ENABLE_OBJC_WEAK = YES;
				CLANG_WARN_BLOCK_CAPTURE_AUTORELEASING = YES;
				CLANG_WARN_BOOL_CONVERSION = YES;
				CLANG_WARN_COMMA = YES;
				CLANG_WARN_CONSTANT_CONVERSION = YES;
				CLANG_WARN_DEPRECATED_OBJC_IMPLEMENTATIONS = YES;
				CLANG_WARN_DIRECT_OBJC_ISA_USAGE = YES_ERROR;
				CLANG_WARN_DOCUMENTATION_COMMENTS = YES;
				CLANG_WARN_EMPTY_BODY = YES;
				CLANG_WARN_ENUM_CONVERSION = YES;
				CLANG_WARN_INFINITE_RECURSION = YES;
				CLANG_WARN_INT_CONVERSION = YES;
				CLANG_WARN_NON_LITERAL_NULL_CONVERSION = YES;
				CLANG_WARN_OBJC_IMPLICIT_RETAIN_SELF = YES;
				CLANG_WARN_OBJC_LITERAL_CONVERSION = YES;
				CLANG_WARN_OBJC_ROOT_CLASS = YES_ERROR;
				CLANG_WARN_RANGE_LOOP_ANALYSIS = YES;
				CLANG_WARN_STRICT_PROTOTYPES = YES;
				CLANG_WARN_SUSPICIOUS_MOVE = YES;
				CLANG_WARN_UNGUARDED_AVAILABILITY = YES_AGGRESSIVE;
				CLANG_WARN_UNREACHABLE_CODE = YES;
				CLANG_WARN__DUPLICATE_METHOD_MATCH = YES;
				COPY_PHASE_STRIP = NO;
				DEBUG_INFORMATION_FORMAT = dwarf;
				ENABLE_STRICT_OBJC_MSGSEND = YES;
				ENABLE_TESTABILITY = YES;
				GCC_C_LANGUAGE_STANDARD = gnu11;
				GCC_DYNAMIC_NO_PIC = NO;
				GCC_NO_COMMON_BLOCKS = YES;
				GCC_OPTIMIZATION_LEVEL = 0;
				GCC_PREPROCESSOR_DEFINITIONS = (
					"DEBUG=1",
					"$(inherited)",
				);
				GCC_WARN_64_TO_32_BIT_CONVERSION = YES;
				GCC_WARN_ABOUT_RETURN_TYPE = YES_ERROR;
				GCC_WARN_UNDECLARED_SELECTOR = YES;
				GCC_WARN_UNINITIALIZED_AUTOS = YES_AGGRESSIVE;
				GCC_WARN_UNUSED_FUNCTION = YES;
				GCC_WARN_UNUSED_VARIABLE = YES;
				IPHONEOS_DEPLOYMENT_TARGET = 13.2;
				MTL_ENABLE_DEBUG_INFO = INCLUDE_SOURCE;
				MTL_FAST_MATH = YES;
				ONLY_ACTIVE_ARCH = YES;
				SDKROOT = iphoneos;
				SWIFT_ACTIVE_COMPILATION_CONDITIONS = DEBUG;
				SWIFT_OPTIMIZATION_LEVEL = "-Onone";
			};
			name = Debug;
		};
		D8BD17AE25A97E7900EDC639 /* Release */ = {
			isa = XCBuildConfiguration;
			buildSettings = {
				ALWAYS_SEARCH_USER_PATHS = NO;
				CLANG_ANALYZER_NONNULL = YES;
				CLANG_ANALYZER_NUMBER_OBJECT_CONVERSION = YES_AGGRESSIVE;
				CLANG_CXX_LANGUAGE_STANDARD = "gnu++14";
				CLANG_CXX_LIBRARY = "libc++";
				CLANG_ENABLE_MODULES = YES;
				CLANG_ENABLE_OBJC_ARC = YES;
				CLANG_ENABLE_OBJC_WEAK = YES;
				CLANG_WARN_BLOCK_CAPTURE_AUTORELEASING = YES;
				CLANG_WARN_BOOL_CONVERSION = YES;
				CLANG_WARN_COMMA = YES;
				CLANG_WARN_CONSTANT_CONVERSION = YES;
				CLANG_WARN_DEPRECATED_OBJC_IMPLEMENTATIONS = YES;
				CLANG_WARN_DIRECT_OBJC_ISA_USAGE = YES_ERROR;
				CLANG_WARN_DOCUMENTATION_COMMENTS = YES;
				CLANG_WARN_EMPTY_BODY = YES;
				CLANG_WARN_ENUM_CONVERSION = YES;
				CLANG_WARN_INFINITE_RECURSION = YES;
				CLANG_WARN_INT_CONVERSION = YES;
				CLANG_WARN_NON_LITERAL_NULL_CONVERSION = YES;
				CLANG_WARN_OBJC_IMPLICIT_RETAIN_SELF = YES;
				CLANG_WARN_OBJC_LITERAL_CONVERSION = YES;
				CLANG_WARN_OBJC_ROOT_CLASS = YES_ERROR;
				CLANG_WARN_RANGE_LOOP_ANALYSIS = YES;
				CLANG_WARN_STRICT_PROTOTYPES = YES;
				CLANG_WARN_SUSPICIOUS_MOVE = YES;
				CLANG_WARN_UNGUARDED_AVAILABILITY = YES_AGGRESSIVE;
				CLANG_WARN_UNREACHABLE_CODE = YES;
				CLANG_WARN__DUPLICATE_METHOD_MATCH = YES;
				COPY_PHASE_STRIP = NO;
				DEBUG_INFORMATION_FORMAT = "dwarf-with-dsym";
				ENABLE_NS_ASSERTIONS = NO;
				ENABLE_STRICT_OBJC_MSGSEND = YES;
				GCC_C_LANGUAGE_STANDARD = gnu11;
				GCC_NO_COMMON_BLOCKS = YES;
				GCC_WARN_64_TO_32_BIT_CONVERSION = YES;
				GCC_WARN_ABOUT_RETURN_TYPE = YES_ERROR;
				GCC_WARN_UNDECLARED_SELECTOR = YES;
				GCC_WARN_UNINITIALIZED_AUTOS = YES_AGGRESSIVE;
				GCC_WARN_UNUSED_FUNCTION = YES;
				GCC_WARN_UNUSED_VARIABLE = YES;
				IPHONEOS_DEPLOYMENT_TARGET = 13.2;
				MTL_ENABLE_DEBUG_INFO = NO;
				MTL_FAST_MATH = YES;
				SDKROOT = iphoneos;
				SWIFT_COMPILATION_MODE = wholemodule;
				SWIFT_OPTIMIZATION_LEVEL = "-O";
				VALIDATE_PRODUCT = YES;
			};
			name = Release;
		};
		D8BD17B025A97E7900EDC639 /* Debug */ = {
			isa = XCBuildConfiguration;
			buildSettings = {
				ASSETCATALOG_COMPILER_APPICON_NAME = AppIcon;
				CODE_SIGN_STYLE = Automatic;
				DEVELOPMENT_TEAM = T4R56UE6FX;
				INFOPLIST_FILE = procedural/Info.plist;
				LD_RUNPATH_SEARCH_PATHS = (
					"$(inherited)",
					"@executable_path/Frameworks",
				);
				PRODUCT_BUNDLE_IDENTIFIER = "com.sugar-glider.procedural";
				PRODUCT_NAME = "$(TARGET_NAME)";
				SWIFT_VERSION = 5.0;
				TARGETED_DEVICE_FAMILY = "1,2";
			};
			name = Debug;
		};
		D8BD17B125A97E7900EDC639 /* Release */ = {
			isa = XCBuildConfiguration;
			buildSettings = {
				ASSETCATALOG_COMPILER_APPICON_NAME = AppIcon;
				CODE_SIGN_STYLE = Automatic;
				DEVELOPMENT_TEAM = T4R56UE6FX;
				INFOPLIST_FILE = procedural/Info.plist;
				LD_RUNPATH_SEARCH_PATHS = (
					"$(inherited)",
					"@executable_path/Frameworks",
				);
				PRODUCT_BUNDLE_IDENTIFIER = "com.sugar-glider.procedural";
				PRODUCT_NAME = "$(TARGET_NAME)";
				SWIFT_VERSION = 5.0;
				TARGETED_DEVICE_FAMILY = "1,2";
			};
			name = Release;
		};
/* End XCBuildConfiguration section */

/* Begin XCConfigurationList section */
		D8BD179625A97E7700EDC639 /* Build configuration list for PBXProject "procedural" */ = {
			isa = XCConfigurationList;
			buildConfigurations = (
				D8BD17AD25A97E7900EDC639 /* Debug */,
				D8BD17AE25A97E7900EDC639 /* Release */,
			);
			defaultConfigurationIsVisible = 0;
			defaultConfigurationName = Release;
		};
		D8BD17AF25A97E7900EDC639 /* Build configuration list for PBXNativeTarget "procedural" */ = {
			isa = XCConfigurationList;
			buildConfigurations = (
				D8BD17B025A97E7900EDC639 /* Debug */,
				D8BD17B125A97E7900EDC639 /* Release */,
			);
			defaultConfigurationIsVisible = 0;
			defaultConfigurationName = Release;
		};
/* End XCConfigurationList section */
	};
	rootObject = D8BD179325A97E7700EDC639 /* Project object */;
}
