// !$*UTF8*$!
{
	archiveVersion = 1;
	classes = {
	};
	objectVersion = 50;
	objects = {

/* Begin PBXBuildFile section */
		D8F991EC26ABBC44001F8390 /* AppDelegate.swift in Sources */ = {isa = PBXBuildFile; fileRef = D8F991EB26ABBC44001F8390 /* AppDelegate.swift */; };
		D8F991EE26ABBC44001F8390 /* SceneDelegate.swift in Sources */ = {isa = PBXBuildFile; fileRef = D8F991ED26ABBC44001F8390 /* SceneDelegate.swift */; };
		D8F991F026ABBC44001F8390 /* ViewController.swift in Sources */ = {isa = PBXBuildFile; fileRef = D8F991EF26ABBC44001F8390 /* ViewController.swift */; };
		D8F991F326ABBC44001F8390 /* Main.storyboard in Resources */ = {isa = PBXBuildFile; fileRef = D8F991F126ABBC44001F8390 /* Main.storyboard */; };
		D8F991F526ABBC45001F8390 /* Assets.xcassets in Resources */ = {isa = PBXBuildFile; fileRef = D8F991F426ABBC45001F8390 /* Assets.xcassets */; };
		D8F991F826ABBC45001F8390 /* LaunchScreen.storyboard in Resources */ = {isa = PBXBuildFile; fileRef = D8F991F626ABBC45001F8390 /* LaunchScreen.storyboard */; };
/* End PBXBuildFile section */

/* Begin PBXFileReference section */
		D8F991E826ABBC44001F8390 /* farscape-tabular.app */ = {isa = PBXFileReference; explicitFileType = wrapper.application; includeInIndex = 0; path = "farscape-tabular.app"; sourceTree = BUILT_PRODUCTS_DIR; };
		D8F991EB26ABBC44001F8390 /* AppDelegate.swift */ = {isa = PBXFileReference; lastKnownFileType = sourcecode.swift; path = AppDelegate.swift; sourceTree = "<group>"; };
		D8F991ED26ABBC44001F8390 /* SceneDelegate.swift */ = {isa = PBXFileReference; lastKnownFileType = sourcecode.swift; path = SceneDelegate.swift; sourceTree = "<group>"; };
		D8F991EF26ABBC44001F8390 /* ViewController.swift */ = {isa = PBXFileReference; lastKnownFileType = sourcecode.swift; path = ViewController.swift; sourceTree = "<group>"; };
		D8F991F226ABBC44001F8390 /* Base */ = {isa = PBXFileReference; lastKnownFileType = file.storyboard; name = Base; path = Base.lproj/Main.storyboard; sourceTree = "<group>"; };
		D8F991F426ABBC45001F8390 /* Assets.xcassets */ = {isa = PBXFileReference; lastKnownFileType = folder.assetcatalog; path = Assets.xcassets; sourceTree = "<group>"; };
		D8F991F726ABBC45001F8390 /* Base */ = {isa = PBXFileReference; lastKnownFileType = file.storyboard; name = Base; path = Base.lproj/LaunchScreen.storyboard; sourceTree = "<group>"; };
		D8F991F926ABBC45001F8390 /* Info.plist */ = {isa = PBXFileReference; lastKnownFileType = text.plist.xml; path = Info.plist; sourceTree = "<group>"; };
/* End PBXFileReference section */

/* Begin PBXFrameworksBuildPhase section */
		D8F991E526ABBC44001F8390 /* Frameworks */ = {
			isa = PBXFrameworksBuildPhase;
			buildActionMask = 2147483647;
			files = (
			);
			runOnlyForDeploymentPostprocessing = 0;
		};
/* End PBXFrameworksBuildPhase section */

/* Begin PBXGroup section */
		D8F991DF26ABBC44001F8390 = {
			isa = PBXGroup;
			children = (
				D8F991EA26ABBC44001F8390 /* farscape-tabular */,
				D8F991E926ABBC44001F8390 /* Products */,
			);
			sourceTree = "<group>";
		};
		D8F991E926ABBC44001F8390 /* Products */ = {
			isa = PBXGroup;
			children = (
				D8F991E826ABBC44001F8390 /* farscape-tabular.app */,
			);
			name = Products;
			sourceTree = "<group>";
		};
		D8F991EA26ABBC44001F8390 /* farscape-tabular */ = {
			isa = PBXGroup;
			children = (
				D8F991EB26ABBC44001F8390 /* AppDelegate.swift */,
				D8F991ED26ABBC44001F8390 /* SceneDelegate.swift */,
				D8F991EF26ABBC44001F8390 /* ViewController.swift */,
				D8F991F126ABBC44001F8390 /* Main.storyboard */,
				D8F991F426ABBC45001F8390 /* Assets.xcassets */,
				D8F991F626ABBC45001F8390 /* LaunchScreen.storyboard */,
				D8F991F926ABBC45001F8390 /* Info.plist */,
			);
			path = "farscape-tabular";
			sourceTree = "<group>";
		};
/* End PBXGroup section */

/* Begin PBXNativeTarget section */
		D8F991E726ABBC44001F8390 /* farscape-tabular */ = {
			isa = PBXNativeTarget;
			buildConfigurationList = D8F991FC26ABBC45001F8390 /* Build configuration list for PBXNativeTarget "farscape-tabular" */;
			buildPhases = (
				D8F991E426ABBC44001F8390 /* Sources */,
				D8F991E526ABBC44001F8390 /* Frameworks */,
				D8F991E626ABBC44001F8390 /* Resources */,
			);
			buildRules = (
			);
			dependencies = (
			);
			name = "farscape-tabular";
			productName = "farscape-tabular";
			productReference = D8F991E826ABBC44001F8390 /* farscape-tabular.app */;
			productType = "com.apple.product-type.application";
		};
/* End PBXNativeTarget section */

/* Begin PBXProject section */
		D8F991E026ABBC44001F8390 /* Project object */ = {
			isa = PBXProject;
			attributes = {
				LastSwiftUpdateCheck = 1130;
				LastUpgradeCheck = 1130;
				ORGANIZATIONNAME = "Sugar Glider/";
				TargetAttributes = {
					D8F991E726ABBC44001F8390 = {
						CreatedOnToolsVersion = 11.3.1;
					};
				};
			};
			buildConfigurationList = D8F991E326ABBC44001F8390 /* Build configuration list for PBXProject "farscape-tabular" */;
			compatibilityVersion = "Xcode 9.3";
			developmentRegion = en;
			hasScannedForEncodings = 0;
			knownRegions = (
				en,
				Base,
			);
			mainGroup = D8F991DF26ABBC44001F8390;
			productRefGroup = D8F991E926ABBC44001F8390 /* Products */;
			projectDirPath = "";
			projectRoot = "";
			targets = (
				D8F991E726ABBC44001F8390 /* farscape-tabular */,
			);
		};
/* End PBXProject section */

/* Begin PBXResourcesBuildPhase section */
		D8F991E626ABBC44001F8390 /* Resources */ = {
			isa = PBXResourcesBuildPhase;
			buildActionMask = 2147483647;
			files = (
				D8F991F826ABBC45001F8390 /* LaunchScreen.storyboard in Resources */,
				D8F991F526ABBC45001F8390 /* Assets.xcassets in Resources */,
				D8F991F326ABBC44001F8390 /* Main.storyboard in Resources */,
			);
			runOnlyForDeploymentPostprocessing = 0;
		};
/* End PBXResourcesBuildPhase section */

/* Begin PBXSourcesBuildPhase section */
		D8F991E426ABBC44001F8390 /* Sources */ = {
			isa = PBXSourcesBuildPhase;
			buildActionMask = 2147483647;
			files = (
				D8F991F026ABBC44001F8390 /* ViewController.swift in Sources */,
				D8F991EC26ABBC44001F8390 /* AppDelegate.swift in Sources */,
				D8F991EE26ABBC44001F8390 /* SceneDelegate.swift in Sources */,
			);
			runOnlyForDeploymentPostprocessing = 0;
		};
/* End PBXSourcesBuildPhase section */

/* Begin PBXVariantGroup section */
		D8F991F126ABBC44001F8390 /* Main.storyboard */ = {
			isa = PBXVariantGroup;
			children = (
				D8F991F226ABBC44001F8390 /* Base */,
			);
			name = Main.storyboard;
			sourceTree = "<group>";
		};
		D8F991F626ABBC45001F8390 /* LaunchScreen.storyboard */ = {
			isa = PBXVariantGroup;
			children = (
				D8F991F726ABBC45001F8390 /* Base */,
			);
			name = LaunchScreen.storyboard;
			sourceTree = "<group>";
		};
/* End PBXVariantGroup section */

/* Begin XCBuildConfiguration section */
		D8F991FA26ABBC45001F8390 /* Debug */ = {
			isa = XCBuildConfiguration;
			buildSettings = {
				ALWAYS_SEARCH_USER_PATHS = NO;
				CLANG_ANALYZER_NONNULL = YES;
				CLANG_ANALYZER_NUMBER_OBJECT_CONVERSION = YES_AGGRESSIVE;
				CLANG_CXX_LANGUAGE_STANDARD = "gnu++14";
				CLANG_CXX_LIBRARY = "libc++";
				CLANG_ENABLE_MODULES = YES;
				CLANG_ENABLE_OBJC_ARC = YES;
				CLANG_ENABLE_OBJC_WEAK = YES;
				CLANG_WARN_BLOCK_CAPTURE_AUTORELEASING = YES;
				CLANG_WARN_BOOL_CONVERSION = YES;
				CLANG_WARN_COMMA = YES;
				CLANG_WARN_CONSTANT_CONVERSION = YES;
				CLANG_WARN_DEPRECATED_OBJC_IMPLEMENTATIONS = YES;
				CLANG_WARN_DIRECT_OBJC_ISA_USAGE = YES_ERROR;
				CLANG_WARN_DOCUMENTATION_COMMENTS = YES;
				CLANG_WARN_EMPTY_BODY = YES;
				CLANG_WARN_ENUM_CONVERSION = YES;
				CLANG_WARN_INFINITE_RECURSION = YES;
				CLANG_WARN_INT_CONVERSION = YES;
				CLANG_WARN_NON_LITERAL_NULL_CONVERSION = YES;
				CLANG_WARN_OBJC_IMPLICIT_RETAIN_SELF = YES;
				CLANG_WARN_OBJC_LITERAL_CONVERSION = YES;
				CLANG_WARN_OBJC_ROOT_CLASS = YES_ERROR;
				CLANG_WARN_RANGE_LOOP_ANALYSIS = YES;
				CLANG_WARN_STRICT_PROTOTYPES = YES;
				CLANG_WARN_SUSPICIOUS_MOVE = YES;
				CLANG_WARN_UNGUARDED_AVAILABILITY = YES_AGGRESSIVE;
				CLANG_WARN_UNREACHABLE_CODE = YES;
				CLANG_WARN__DUPLICATE_METHOD_MATCH = YES;
				COPY_PHASE_STRIP = NO;
				DEBUG_INFORMATION_FORMAT = dwarf;
				ENABLE_STRICT_OBJC_MSGSEND = YES;
				ENABLE_TESTABILITY = YES;
				GCC_C_LANGUAGE_STANDARD = gnu11;
				GCC_DYNAMIC_NO_PIC = NO;
				GCC_NO_COMMON_BLOCKS = YES;
				GCC_OPTIMIZATION_LEVEL = 0;
				GCC_PREPROCESSOR_DEFINITIONS = (
					"DEBUG=1",
					"$(inherited)",
				);
				GCC_WARN_64_TO_32_BIT_CONVERSION = YES;
				GCC_WARN_ABOUT_RETURN_TYPE = YES_ERROR;
				GCC_WARN_UNDECLARED_SELECTOR = YES;
				GCC_WARN_UNINITIALIZED_AUTOS = YES_AGGRESSIVE;
				GCC_WARN_UNUSED_FUNCTION = YES;
				GCC_WARN_UNUSED_VARIABLE = YES;
				IPHONEOS_DEPLOYMENT_TARGET = 13.2;
				MTL_ENABLE_DEBUG_INFO = INCLUDE_SOURCE;
				MTL_FAST_MATH = YES;
				ONLY_ACTIVE_ARCH = YES;
				SDKROOT = iphoneos;
				SWIFT_ACTIVE_COMPILATION_CONDITIONS = DEBUG;
				SWIFT_OPTIMIZATION_LEVEL = "-Onone";
			};
			name = Debug;
		};
		D8F991FB26ABBC45001F8390 /* Release */ = {
			isa = XCBuildConfiguration;
			buildSettings = {
				ALWAYS_SEARCH_USER_PATHS = NO;
				CLANG_ANALYZER_NONNULL = YES;
				CLANG_ANALYZER_NUMBER_OBJECT_CONVERSION = YES_AGGRESSIVE;
				CLANG_CXX_LANGUAGE_STANDARD = "gnu++14";
				CLANG_CXX_LIBRARY = "libc++";
				CLANG_ENABLE_MODULES = YES;
				CLANG_ENABLE_OBJC_ARC = YES;
				CLANG_ENABLE_OBJC_WEAK = YES;
				CLANG_WARN_BLOCK_CAPTURE_AUTORELEASING = YES;
				CLANG_WARN_BOOL_CONVERSION = YES;
				CLANG_WARN_COMMA = YES;
				CLANG_WARN_CONSTANT_CONVERSION = YES;
				CLANG_WARN_DEPRECATED_OBJC_IMPLEMENTATIONS = YES;
				CLANG_WARN_DIRECT_OBJC_ISA_USAGE = YES_ERROR;
				CLANG_WARN_DOCUMENTATION_COMMENTS = YES;
				CLANG_WARN_EMPTY_BODY = YES;
				CLANG_WARN_ENUM_CONVERSION = YES;
				CLANG_WARN_INFINITE_RECURSION = YES;
				CLANG_WARN_INT_CONVERSION = YES;
				CLANG_WARN_NON_LITERAL_NULL_CONVERSION = YES;
				CLANG_WARN_OBJC_IMPLICIT_RETAIN_SELF = YES;
				CLANG_WARN_OBJC_LITERAL_CONVERSION = YES;
				CLANG_WARN_OBJC_ROOT_CLASS = YES_ERROR;
				CLANG_WARN_RANGE_LOOP_ANALYSIS = YES;
				CLANG_WARN_STRICT_PROTOTYPES = YES;
				CLANG_WARN_SUSPICIOUS_MOVE = YES;
				CLANG_WARN_UNGUARDED_AVAILABILITY = YES_AGGRESSIVE;
				CLANG_WARN_UNREACHABLE_CODE = YES;
				CLANG_WARN__DUPLICATE_METHOD_MATCH = YES;
				COPY_PHASE_STRIP = NO;
				DEBUG_INFORMATION_FORMAT = "dwarf-with-dsym";
				ENABLE_NS_ASSERTIONS = NO;
				ENABLE_STRICT_OBJC_MSGSEND = YES;
				GCC_C_LANGUAGE_STANDARD = gnu11;
				GCC_NO_COMMON_BLOCKS = YES;
				GCC_WARN_64_TO_32_BIT_CONVERSION = YES;
				GCC_WARN_ABOUT_RETURN_TYPE = YES_ERROR;
				GCC_WARN_UNDECLARED_SELECTOR = YES;
				GCC_WARN_UNINITIALIZED_AUTOS = YES_AGGRESSIVE;
				GCC_WARN_UNUSED_FUNCTION = YES;
				GCC_WARN_UNUSED_VARIABLE = YES;
				IPHONEOS_DEPLOYMENT_TARGET = 13.2;
				MTL_ENABLE_DEBUG_INFO = NO;
				MTL_FAST_MATH = YES;
				SDKROOT = iphoneos;
				SWIFT_COMPILATION_MODE = wholemodule;
				SWIFT_OPTIMIZATION_LEVEL = "-O";
				VALIDATE_PRODUCT = YES;
			};
			name = Release;
		};
		D8F991FD26ABBC45001F8390 /* Debug */ = {
			isa = XCBuildConfiguration;
			buildSettings = {
				ASSETCATALOG_COMPILER_APPICON_NAME = AppIcon;
				CODE_SIGN_STYLE = Automatic;
				DEVELOPMENT_TEAM = T4R56UE6FX;
				INFOPLIST_FILE = "farscape-tabular/Info.plist";
				LD_RUNPATH_SEARCH_PATHS = (
					"$(inherited)",
					"@executable_path/Frameworks",
				);
				PRODUCT_BUNDLE_IDENTIFIER = "com.sugar-glider.farscape-tabular";
				PRODUCT_NAME = "$(TARGET_NAME)";
				SWIFT_VERSION = 5.0;
				TARGETED_DEVICE_FAMILY = "1,2";
			};
			name = Debug;
		};
		D8F991FE26ABBC45001F8390 /* Release */ = {
			isa = XCBuildConfiguration;
			buildSettings = {
				ASSETCATALOG_COMPILER_APPICON_NAME = AppIcon;
				CODE_SIGN_STYLE = Automatic;
				DEVELOPMENT_TEAM = T4R56UE6FX;
				INFOPLIST_FILE = "farscape-tabular/Info.plist";
				LD_RUNPATH_SEARCH_PATHS = (
					"$(inherited)",
					"@executable_path/Frameworks",
				);
				PRODUCT_BUNDLE_IDENTIFIER = "com.sugar-glider.farscape-tabular";
				PRODUCT_NAME = "$(TARGET_NAME)";
				SWIFT_VERSION = 5.0;
				TARGETED_DEVICE_FAMILY = "1,2";
			};
			name = Release;
		};
/* End XCBuildConfiguration section */

/* Begin XCConfigurationList section */
		D8F991E326ABBC44001F8390 /* Build configuration list for PBXProject "farscape-tabular" */ = {
			isa = XCConfigurationList;
			buildConfigurations = (
				D8F991FA26ABBC45001F8390 /* Debug */,
				D8F991FB26ABBC45001F8390 /* Release */,
			);
			defaultConfigurationIsVisible = 0;
			defaultConfigurationName = Release;
		};
		D8F991FC26ABBC45001F8390 /* Build configuration list for PBXNativeTarget "farscape-tabular" */ = {
			isa = XCConfigurationList;
			buildConfigurations = (
				D8F991FD26ABBC45001F8390 /* Debug */,
				D8F991FE26ABBC45001F8390 /* Release */,
			);
			defaultConfigurationIsVisible = 0;
			defaultConfigurationName = Release;
		};
/* End XCConfigurationList section */
	};
	rootObject = D8F991E026ABBC44001F8390 /* Project object */;
}
