// !$*UTF8*$!
{
	archiveVersion = 1;
	classes = {
	};
	objectVersion = 50;
	objects = {

/* Begin PBXBuildFile section */
		D84B98A8251C6606001ECBE4 /* AppDelegate.swift in Sources */ = {isa = PBXBuildFile; fileRef = D84B98A7251C6606001ECBE4 /* AppDelegate.swift */; };
		D84B98AA251C6606001ECBE4 /* SceneDelegate.swift in Sources */ = {isa = PBXBuildFile; fileRef = D84B98A9251C6606001ECBE4 /* SceneDelegate.swift */; };
		D84B98AC251C6606001ECBE4 /* ViewController.swift in Sources */ = {isa = PBXBuildFile; fileRef = D84B98AB251C6606001ECBE4 /* ViewController.swift */; };
		D84B98AF251C6606001ECBE4 /* Main.storyboard in Resources */ = {isa = PBXBuildFile; fileRef = D84B98AD251C6606001ECBE4 /* Main.storyboard */; };
		D84B98B1251C6607001ECBE4 /* Assets.xcassets in Resources */ = {isa = PBXBuildFile; fileRef = D84B98B0251C6607001ECBE4 /* Assets.xcassets */; };
		D84B98B4251C6607001ECBE4 /* LaunchScreen.storyboard in Resources */ = {isa = PBXBuildFile; fileRef = D84B98B2251C6607001ECBE4 /* LaunchScreen.storyboard */; };
		D84B98BC251C6D33001ECBE4 /* EarthNode.swift in Sources */ = {isa = PBXBuildFile; fileRef = D84B98BB251C6D33001ECBE4 /* EarthNode.swift */; };
/* End PBXBuildFile section */

/* Begin PBXFileReference section */
		D84B98A4251C6606001ECBE4 /* ThreeDEarth.app */ = {isa = PBXFileReference; explicitFileType = wrapper.application; includeInIndex = 0; path = ThreeDEarth.app; sourceTree = BUILT_PRODUCTS_DIR; };
		D84B98A7251C6606001ECBE4 /* AppDelegate.swift */ = {isa = PBXFileReference; lastKnownFileType = sourcecode.swift; path = AppDelegate.swift; sourceTree = "<group>"; };
		D84B98A9251C6606001ECBE4 /* SceneDelegate.swift */ = {isa = PBXFileReference; lastKnownFileType = sourcecode.swift; path = SceneDelegate.swift; sourceTree = "<group>"; };
		D84B98AB251C6606001ECBE4 /* ViewController.swift */ = {isa = PBXFileReference; lastKnownFileType = sourcecode.swift; path = ViewController.swift; sourceTree = "<group>"; };
		D84B98AE251C6606001ECBE4 /* Base */ = {isa = PBXFileReference; lastKnownFileType = file.storyboard; name = Base; path = Base.lproj/Main.storyboard; sourceTree = "<group>"; };
		D84B98B0251C6607001ECBE4 /* Assets.xcassets */ = {isa = PBXFileReference; lastKnownFileType = folder.assetcatalog; path = Assets.xcassets; sourceTree = "<group>"; };
		D84B98B3251C6607001ECBE4 /* Base */ = {isa = PBXFileReference; lastKnownFileType = file.storyboard; name = Base; path = Base.lproj/LaunchScreen.storyboard; sourceTree = "<group>"; };
		D84B98B5251C6607001ECBE4 /* Info.plist */ = {isa = PBXFileReference; lastKnownFileType = text.plist.xml; path = Info.plist; sourceTree = "<group>"; };
		D84B98BB251C6D33001ECBE4 /* EarthNode.swift */ = {isa = PBXFileReference; lastKnownFileType = sourcecode.swift; path = EarthNode.swift; sourceTree = "<group>"; };
/* End PBXFileReference section */

/* Begin PBXFrameworksBuildPhase section */
		D84B98A1251C6606001ECBE4 /* Frameworks */ = {
			isa = PBXFrameworksBuildPhase;
			buildActionMask = 2147483647;
			files = (
			);
			runOnlyForDeploymentPostprocessing = 0;
		};
/* End PBXFrameworksBuildPhase section */

/* Begin PBXGroup section */
		D84B989B251C6606001ECBE4 = {
			isa = PBXGroup;
			children = (
				D84B98A6251C6606001ECBE4 /* ThreeDEarth */,
				D84B98A5251C6606001ECBE4 /* Products */,
			);
			sourceTree = "<group>";
		};
		D84B98A5251C6606001ECBE4 /* Products */ = {
			isa = PBXGroup;
			children = (
				D84B98A4251C6606001ECBE4 /* ThreeDEarth.app */,
			);
			name = Products;
			sourceTree = "<group>";
		};
		D84B98A6251C6606001ECBE4 /* ThreeDEarth */ = {
			isa = PBXGroup;
			children = (
				D84B98A7251C6606001ECBE4 /* AppDelegate.swift */,
				D84B98A9251C6606001ECBE4 /* SceneDelegate.swift */,
				D84B98AB251C6606001ECBE4 /* ViewController.swift */,
				D84B98BB251C6D33001ECBE4 /* EarthNode.swift */,
				D84B98AD251C6606001ECBE4 /* Main.storyboard */,
				D84B98B0251C6607001ECBE4 /* Assets.xcassets */,
				D84B98B2251C6607001ECBE4 /* LaunchScreen.storyboard */,
				D84B98B5251C6607001ECBE4 /* Info.plist */,
			);
			path = ThreeDEarth;
			sourceTree = "<group>";
		};
/* End PBXGroup section */

/* Begin PBXNativeTarget section */
		D84B98A3251C6606001ECBE4 /* ThreeDEarth */ = {
			isa = PBXNativeTarget;
			buildConfigurationList = D84B98B8251C6607001ECBE4 /* Build configuration list for PBXNativeTarget "ThreeDEarth" */;
			buildPhases = (
				D84B98A0251C6606001ECBE4 /* Sources */,
				D84B98A1251C6606001ECBE4 /* Frameworks */,
				D84B98A2251C6606001ECBE4 /* Resources */,
			);
			buildRules = (
			);
			dependencies = (
			);
			name = ThreeDEarth;
			productName = ThreeDEarth;
			productReference = D84B98A4251C6606001ECBE4 /* ThreeDEarth.app */;
			productType = "com.apple.product-type.application";
		};
/* End PBXNativeTarget section */

/* Begin PBXProject section */
		D84B989C251C6606001ECBE4 /* Project object */ = {
			isa = PBXProject;
			attributes = {
				LastSwiftUpdateCheck = 1130;
				LastUpgradeCheck = 1130;
				ORGANIZATIONNAME = "Sugar Glider/";
				TargetAttributes = {
					D84B98A3251C6606001ECBE4 = {
						CreatedOnToolsVersion = 11.3.1;
					};
				};
			};
			buildConfigurationList = D84B989F251C6606001ECBE4 /* Build configuration list for PBXProject "ThreeDEarth" */;
			compatibilityVersion = "Xcode 9.3";
			developmentRegion = en;
			hasScannedForEncodings = 0;
			knownRegions = (
				en,
				Base,
			);
			mainGroup = D84B989B251C6606001ECBE4;
			productRefGroup = D84B98A5251C6606001ECBE4 /* Products */;
			projectDirPath = "";
			projectRoot = "";
			targets = (
				D84B98A3251C6606001ECBE4 /* ThreeDEarth */,
			);
		};
/* End PBXProject section */

/* Begin PBXResourcesBuildPhase section */
		D84B98A2251C6606001ECBE4 /* Resources */ = {
			isa = PBXResourcesBuildPhase;
			buildActionMask = 2147483647;
			files = (
				D84B98B4251C6607001ECBE4 /* LaunchScreen.storyboard in Resources */,
				D84B98B1251C6607001ECBE4 /* Assets.xcassets in Resources */,
				D84B98AF251C6606001ECBE4 /* Main.storyboard in Resources */,
			);
			runOnlyForDeploymentPostprocessing = 0;
		};
/* End PBXResourcesBuildPhase section */

/* Begin PBXSourcesBuildPhase section */
		D84B98A0251C6606001ECBE4 /* Sources */ = {
			isa = PBXSourcesBuildPhase;
			buildActionMask = 2147483647;
			files = (
				D84B98BC251C6D33001ECBE4 /* EarthNode.swift in Sources */,
				D84B98AC251C6606001ECBE4 /* ViewController.swift in Sources */,
				D84B98A8251C6606001ECBE4 /* AppDelegate.swift in Sources */,
				D84B98AA251C6606001ECBE4 /* SceneDelegate.swift in Sources */,
			);
			runOnlyForDeploymentPostprocessing = 0;
		};
/* End PBXSourcesBuildPhase section */

/* Begin PBXVariantGroup section */
		D84B98AD251C6606001ECBE4 /* Main.storyboard */ = {
			isa = PBXVariantGroup;
			children = (
				D84B98AE251C6606001ECBE4 /* Base */,
			);
			name = Main.storyboard;
			sourceTree = "<group>";
		};
		D84B98B2251C6607001ECBE4 /* LaunchScreen.storyboard */ = {
			isa = PBXVariantGroup;
			children = (
				D84B98B3251C6607001ECBE4 /* Base */,
			);
			name = LaunchScreen.storyboard;
			sourceTree = "<group>";
		};
/* End PBXVariantGroup section */

/* Begin XCBuildConfiguration section */
		D84B98B6251C6607001ECBE4 /* Debug */ = {
			isa = XCBuildConfiguration;
			buildSettings = {
				ALWAYS_SEARCH_USER_PATHS = NO;
				CLANG_ANALYZER_NONNULL = YES;
				CLANG_ANALYZER_NUMBER_OBJECT_CONVERSION = YES_AGGRESSIVE;
				CLANG_CXX_LANGUAGE_STANDARD = "gnu++14";
				CLANG_CXX_LIBRARY = "libc++";
				CLANG_ENABLE_MODULES = YES;
				CLANG_ENABLE_OBJC_ARC = YES;
				CLANG_ENABLE_OBJC_WEAK = YES;
				CLANG_WARN_BLOCK_CAPTURE_AUTORELEASING = YES;
				CLANG_WARN_BOOL_CONVERSION = YES;
				CLANG_WARN_COMMA = YES;
				CLANG_WARN_CONSTANT_CONVERSION = YES;
				CLANG_WARN_DEPRECATED_OBJC_IMPLEMENTATIONS = YES;
				CLANG_WARN_DIRECT_OBJC_ISA_USAGE = YES_ERROR;
				CLANG_WARN_DOCUMENTATION_COMMENTS = YES;
				CLANG_WARN_EMPTY_BODY = YES;
				CLANG_WARN_ENUM_CONVERSION = YES;
				CLANG_WARN_INFINITE_RECURSION = YES;
				CLANG_WARN_INT_CONVERSION = YES;
				CLANG_WARN_NON_LITERAL_NULL_CONVERSION = YES;
				CLANG_WARN_OBJC_IMPLICIT_RETAIN_SELF = YES;
				CLANG_WARN_OBJC_LITERAL_CONVERSION = YES;
				CLANG_WARN_OBJC_ROOT_CLASS = YES_ERROR;
				CLANG_WARN_RANGE_LOOP_ANALYSIS = YES;
				CLANG_WARN_STRICT_PROTOTYPES = YES;
				CLANG_WARN_SUSPICIOUS_MOVE = YES;
				CLANG_WARN_UNGUARDED_AVAILABILITY = YES_AGGRESSIVE;
				CLANG_WARN_UNREACHABLE_CODE = YES;
				CLANG_WARN__DUPLICATE_METHOD_MATCH = YES;
				COPY_PHASE_STRIP = NO;
				DEBUG_INFORMATION_FORMAT = dwarf;
				ENABLE_STRICT_OBJC_MSGSEND = YES;
				ENABLE_TESTABILITY = YES;
				GCC_C_LANGUAGE_STANDARD = gnu11;
				GCC_DYNAMIC_NO_PIC = NO;
				GCC_NO_COMMON_BLOCKS = YES;
				GCC_OPTIMIZATION_LEVEL = 0;
				GCC_PREPROCESSOR_DEFINITIONS = (
					"DEBUG=1",
					"$(inherited)",
				);
				GCC_WARN_64_TO_32_BIT_CONVERSION = YES;
				GCC_WARN_ABOUT_RETURN_TYPE = YES_ERROR;
				GCC_WARN_UNDECLARED_SELECTOR = YES;
				GCC_WARN_UNINITIALIZED_AUTOS = YES_AGGRESSIVE;
				GCC_WARN_UNUSED_FUNCTION = YES;
				GCC_WARN_UNUSED_VARIABLE = YES;
				IPHONEOS_DEPLOYMENT_TARGET = 13.2;
				MTL_ENABLE_DEBUG_INFO = INCLUDE_SOURCE;
				MTL_FAST_MATH = YES;
				ONLY_ACTIVE_ARCH = YES;
				SDKROOT = iphoneos;
				SWIFT_ACTIVE_COMPILATION_CONDITIONS = DEBUG;
				SWIFT_OPTIMIZATION_LEVEL = "-Onone";
			};
			name = Debug;
		};
		D84B98B7251C6607001ECBE4 /* Release */ = {
			isa = XCBuildConfiguration;
			buildSettings = {
				ALWAYS_SEARCH_USER_PATHS = NO;
				CLANG_ANALYZER_NONNULL = YES;
				CLANG_ANALYZER_NUMBER_OBJECT_CONVERSION = YES_AGGRESSIVE;
				CLANG_CXX_LANGUAGE_STANDARD = "gnu++14";
				CLANG_CXX_LIBRARY = "libc++";
				CLANG_ENABLE_MODULES = YES;
				CLANG_ENABLE_OBJC_ARC = YES;
				CLANG_ENABLE_OBJC_WEAK = YES;
				CLANG_WARN_BLOCK_CAPTURE_AUTORELEASING = YES;
				CLANG_WARN_BOOL_CONVERSION = YES;
				CLANG_WARN_COMMA = YES;
				CLANG_WARN_CONSTANT_CONVERSION = YES;
				CLANG_WARN_DEPRECATED_OBJC_IMPLEMENTATIONS = YES;
				CLANG_WARN_DIRECT_OBJC_ISA_USAGE = YES_ERROR;
				CLANG_WARN_DOCUMENTATION_COMMENTS = YES;
				CLANG_WARN_EMPTY_BODY = YES;
				CLANG_WARN_ENUM_CONVERSION = YES;
				CLANG_WARN_INFINITE_RECURSION = YES;
				CLANG_WARN_INT_CONVERSION = YES;
				CLANG_WARN_NON_LITERAL_NULL_CONVERSION = YES;
				CLANG_WARN_OBJC_IMPLICIT_RETAIN_SELF = YES;
				CLANG_WARN_OBJC_LITERAL_CONVERSION = YES;
				CLANG_WARN_OBJC_ROOT_CLASS = YES_ERROR;
				CLANG_WARN_RANGE_LOOP_ANALYSIS = YES;
				CLANG_WARN_STRICT_PROTOTYPES = YES;
				CLANG_WARN_SUSPICIOUS_MOVE = YES;
				CLANG_WARN_UNGUARDED_AVAILABILITY = YES_AGGRESSIVE;
				CLANG_WARN_UNREACHABLE_CODE = YES;
				CLANG_WARN__DUPLICATE_METHOD_MATCH = YES;
				COPY_PHASE_STRIP = NO;
				DEBUG_INFORMATION_FORMAT = "dwarf-with-dsym";
				ENABLE_NS_ASSERTIONS = NO;
				ENABLE_STRICT_OBJC_MSGSEND = YES;
				GCC_C_LANGUAGE_STANDARD = gnu11;
				GCC_NO_COMMON_BLOCKS = YES;
				GCC_WARN_64_TO_32_BIT_CONVERSION = YES;
				GCC_WARN_ABOUT_RETURN_TYPE = YES_ERROR;
				GCC_WARN_UNDECLARED_SELECTOR = YES;
				GCC_WARN_UNINITIALIZED_AUTOS = YES_AGGRESSIVE;
				GCC_WARN_UNUSED_FUNCTION = YES;
				GCC_WARN_UNUSED_VARIABLE = YES;
				IPHONEOS_DEPLOYMENT_TARGET = 13.2;
				MTL_ENABLE_DEBUG_INFO = NO;
				MTL_FAST_MATH = YES;
				SDKROOT = iphoneos;
				SWIFT_COMPILATION_MODE = wholemodule;
				SWIFT_OPTIMIZATION_LEVEL = "-O";
				VALIDATE_PRODUCT = YES;
			};
			name = Release;
		};
		D84B98B9251C6607001ECBE4 /* Debug */ = {
			isa = XCBuildConfiguration;
			buildSettings = {
				ASSETCATALOG_COMPILER_APPICON_NAME = AppIcon;
				CODE_SIGN_STYLE = Automatic;
				DEVELOPMENT_TEAM = T4R56UE6FX;
				INFOPLIST_FILE = ThreeDEarth/Info.plist;
				LD_RUNPATH_SEARCH_PATHS = (
					"$(inherited)",
					"@executable_path/Frameworks",
				);
				PRODUCT_BUNDLE_IDENTIFIER = "com.sugar-glider.ThreeDEarth";
				PRODUCT_NAME = "$(TARGET_NAME)";
				SWIFT_VERSION = 5.0;
				TARGETED_DEVICE_FAMILY = "1,2";
			};
			name = Debug;
		};
		D84B98BA251C6607001ECBE4 /* Release */ = {
			isa = XCBuildConfiguration;
			buildSettings = {
				ASSETCATALOG_COMPILER_APPICON_NAME = AppIcon;
				CODE_SIGN_STYLE = Automatic;
				DEVELOPMENT_TEAM = T4R56UE6FX;
				INFOPLIST_FILE = ThreeDEarth/Info.plist;
				LD_RUNPATH_SEARCH_PATHS = (
					"$(inherited)",
					"@executable_path/Frameworks",
				);
				PRODUCT_BUNDLE_IDENTIFIER = "com.sugar-glider.ThreeDEarth";
				PRODUCT_NAME = "$(TARGET_NAME)";
				SWIFT_VERSION = 5.0;
				TARGETED_DEVICE_FAMILY = "1,2";
			};
			name = Release;
		};
/* End XCBuildConfiguration section */

/* Begin XCConfigurationList section */
		D84B989F251C6606001ECBE4 /* Build configuration list for PBXProject "ThreeDEarth" */ = {
			isa = XCConfigurationList;
			buildConfigurations = (
				D84B98B6251C6607001ECBE4 /* Debug */,
				D84B98B7251C6607001ECBE4 /* Release */,
			);
			defaultConfigurationIsVisible = 0;
			defaultConfigurationName = Release;
		};
		D84B98B8251C6607001ECBE4 /* Build configuration list for PBXNativeTarget "ThreeDEarth" */ = {
			isa = XCConfigurationList;
			buildConfigurations = (
				D84B98B9251C6607001ECBE4 /* Debug */,
				D84B98BA251C6607001ECBE4 /* Release */,
			);
			defaultConfigurationIsVisible = 0;
			defaultConfigurationName = Release;
		};
/* End XCConfigurationList section */
	};
	rootObject = D84B989C251C6606001ECBE4 /* Project object */;
}
